
Microsoft Visual Studio Solution File, Format Version 12.00
# Visual Studio Version 17
VisualStudioVersion = 17.9.34607.119
MinimumVisualStudioVersion = 10.0.40219.1
Project("{FAE04EC0-301F-11D3-BF4B-00C04F79EFBC}") = "Maytinh", "Maytinh.csproj", "{4EF988BE-95F8-4AF1-AF8F-562E164B4978}"
EndProject
Global
	GlobalSection(SolutionConfigurationPlatforms) = preSolution
		Debug|Any CPU = Debug|Any CPU
		Release|Any CPU = Release|Any CPU
	EndGlobalSection
	GlobalSection(ProjectConfigurationPlatforms) = postSolution
		{4EF988BE-95F8-4AF1-AF8F-562E164B4978}.Debug|Any CPU.ActiveCfg = Debug|Any CPU
		{4EF988BE-95F8-4AF1-AF8F-562E164B4978}.Debug|Any CPU.Build.0 = Debug|Any CPU
		{4EF988BE-95F8-4AF1-AF8F-562E164B4978}.Release|Any CPU.ActiveCfg = Release|Any CPU
		{4EF988BE-95F8-4AF1-AF8F-562E164B4978}.Release|Any CPU.Build.0 = Release|Any CPU
	EndGlobalSection
	GlobalSection(SolutionProperties) = preSolution
		HideSolutionNode = FALSE
	EndGlobalSection
	GlobalSection(ExtensibilityGlobals) = postSolution
		SolutionGuid = {FA074E6D-CC4D-4AF6-9779-8BC74846F357}
	EndGlobalSection
EndGlobal
